
Microsoft Visual Studio Solution File, Format Version 12.00
# Visual Studio Version 18
VisualStudioVersion = 18.5.11709.299 stable
MinimumVisualStudioVersion = 10.0.40219.1
Project("{FAE04EC0-301F-11D3-BF4B-00C04F79EFBC}") = "FuncMethod", "FuncMethod.csproj", "{A552FEC8-AF99-4982-B47C-D8AEC8E7F208}"
EndProject
Project("{FAE04EC0-301F-11D3-BF4B-00C04F79EFBC}") = "AsyncAwaitCode", "..\AsyncAwaitCode\AsyncAwaitCode.csproj", "{AAAB41F7-87B5-4604-B874-5EA8CF361405}"
EndProject
Project("{FAE04EC0-301F-11D3-BF4B-00C04F79EFBC}") = "SumOfNUmbersUsingAsync", "..\SumOfNUmbersUsingAsync\SumOfNUmbersUsingAsync.csproj", "{758A1BAD-151A-4397-9AEE-63C55E81CD12}"
EndProject
Project("{FAE04EC0-301F-11D3-BF4B-00C04F79EFBC}") = "AchievingOptionalParametersUsingOPTIONAL", "..\AchievingOptionalParametersUsingOPTIONAL\AchievingOptionalParametersUsingOPTIONAL.csproj", "{A7817F69-90C8-4645-8CB1-DE104DA7BA45}"
EndProject
Project("{FAE04EC0-301F-11D3-BF4B-00C04F79EFBC}") = "GetterSetterDemo", "..\GetterSetterDemo\GetterSetterDemo.csproj", "{56BE723E-DD59-408E-B843-037A93142821}"
EndProject
Project("{FAE04EC0-301F-11D3-BF4B-00C04F79EFBC}") = "Collections", "..\Collections\Collections.csproj", "{5A64BE36-B32A-4A29-83DE-E2382FAAA250}"
EndProject
Project("{FAE04EC0-301F-11D3-BF4B-00C04F79EFBC}") = "CollectionGenericDemo", "..\CollectionGenericDemo\CollectionGenericDemo.csproj", "{76ED50CC-7A0D-4F10-8694-C530E1F631C0}"
EndProject
Project("{FAE04EC0-301F-11D3-BF4B-00C04F79EFBC}") = "WhenAllUse", "..\WhenAllUse\WhenAllUse.csproj", "{E8902208-2011-416A-A265-9DF79FBE9E42}"
EndProject
Global
	GlobalSection(SolutionConfigurationPlatforms) = preSolution
		Debug|Any CPU = Debug|Any CPU
		Release|Any CPU = Release|Any CPU
	EndGlobalSection
	GlobalSection(ProjectConfigurationPlatforms) = postSolution
		{A552FEC8-AF99-4982-B47C-D8AEC8E7F208}.Debug|Any CPU.ActiveCfg = Debug|Any CPU
		{A552FEC8-AF99-4982-B47C-D8AEC8E7F208}.Debug|Any CPU.Build.0 = Debug|Any CPU
		{A552FEC8-AF99-4982-B47C-D8AEC8E7F208}.Release|Any CPU.ActiveCfg = Release|Any CPU
		{A552FEC8-AF99-4982-B47C-D8AEC8E7F208}.Release|Any CPU.Build.0 = Release|Any CPU
		{AAAB41F7-87B5-4604-B874-5EA8CF361405}.Debug|Any CPU.ActiveCfg = Debug|Any CPU
		{AAAB41F7-87B5-4604-B874-5EA8CF361405}.Debug|Any CPU.Build.0 = Debug|Any CPU
		{AAAB41F7-87B5-4604-B874-5EA8CF361405}.Release|Any CPU.ActiveCfg = Release|Any CPU
		{AAAB41F7-87B5-4604-B874-5EA8CF361405}.Release|Any CPU.Build.0 = Release|Any CPU
		{758A1BAD-151A-4397-9AEE-63C55E81CD12}.Debug|Any CPU.ActiveCfg = Debug|Any CPU
		{758A1BAD-151A-4397-9AEE-63C55E81CD12}.Debug|Any CPU.Build.0 = Debug|Any CPU
		{758A1BAD-151A-4397-9AEE-63C55E81CD12}.Release|Any CPU.ActiveCfg = Release|Any CPU
		{758A1BAD-151A-4397-9AEE-63C55E81CD12}.Release|Any CPU.Build.0 = Release|Any CPU
		{A7817F69-90C8-4645-8CB1-DE104DA7BA45}.Debug|Any CPU.ActiveCfg = Debug|Any CPU
		{A7817F69-90C8-4645-8CB1-DE104DA7BA45}.Debug|Any CPU.Build.0 = Debug|Any CPU
		{A7817F69-90C8-4645-8CB1-DE104DA7BA45}.Release|Any CPU.ActiveCfg = Release|Any CPU
		{A7817F69-90C8-4645-8CB1-DE104DA7BA45}.Release|Any CPU.Build.0 = Release|Any CPU
		{56BE723E-DD59-408E-B843-037A93142821}.Debug|Any CPU.ActiveCfg = Debug|Any CPU
		{56BE723E-DD59-408E-B843-037A93142821}.Debug|Any CPU.Build.0 = Debug|Any CPU
		{56BE723E-DD59-408E-B843-037A93142821}.Release|Any CPU.ActiveCfg = Release|Any CPU
		{56BE723E-DD59-408E-B843-037A93142821}.Release|Any CPU.Build.0 = Release|Any CPU
		{5A64BE36-B32A-4A29-83DE-E2382FAAA250}.Debug|Any CPU.ActiveCfg = Debug|Any CPU
		{5A64BE36-B32A-4A29-83DE-E2382FAAA250}.Debug|Any CPU.Build.0 = Debug|Any CPU
		{5A64BE36-B32A-4A29-83DE-E2382FAAA250}.Release|Any CPU.ActiveCfg = Release|Any CPU
		{5A64BE36-B32A-4A29-83DE-E2382FAAA250}.Release|Any CPU.Build.0 = Release|Any CPU
		{76ED50CC-7A0D-4F10-8694-C530E1F631C0}.Debug|Any CPU.ActiveCfg = Debug|Any CPU
		{76ED50CC-7A0D-4F10-8694-C530E1F631C0}.Debug|Any CPU.Build.0 = Debug|Any CPU
		{76ED50CC-7A0D-4F10-8694-C530E1F631C0}.Release|Any CPU.ActiveCfg = Release|Any CPU
		{76ED50CC-7A0D-4F10-8694-C530E1F631C0}.Release|Any CPU.Build.0 = Release|Any CPU
		{E8902208-2011-416A-A265-9DF79FBE9E42}.Debug|Any CPU.ActiveCfg = Debug|Any CPU
		{E8902208-2011-416A-A265-9DF79FBE9E42}.Debug|Any CPU.Build.0 = Debug|Any CPU
		{E8902208-2011-416A-A265-9DF79FBE9E42}.Release|Any CPU.ActiveCfg = Release|Any CPU
		{E8902208-2011-416A-A265-9DF79FBE9E42}.Release|Any CPU.Build.0 = Release|Any CPU
	EndGlobalSection
	GlobalSection(SolutionProperties) = preSolution
		HideSolutionNode = FALSE
	EndGlobalSection
	GlobalSection(ExtensibilityGlobals) = postSolution
		SolutionGuid = {0EEAEB89-A663-4A0A-9256-0AC0379C4AD5}
	EndGlobalSection
EndGlobal
